{
  "name": "arendaby-frontend",
  "lockfileVersion": 3,
  "requires": true,
  "packages": {
    "": {
      "dependencies": {
        "@date-io/date-fns": "^3.0.0",
        "@material-ui/core": "^4.12.4",
        "@material-ui/pickers": "^3.3.11",
        "date-fns": "^3.6.0",
        "declension": "^0.1.0",
        "inflect": "^0.5.0",
        "prop-types": "^15.8.1",
        "rc-slider": "^11.1.5",
        "react-icon": "^1.0.0",
        "react-input-range": "^1.3.0",
        "react-router": "^6.24.0",
        "react-router-dom": "^6.23.1",
        "ru-declensions-geo": "^1.0.13"
      },
      "devDependencies": {
        "react-datepicker": "^7.2.0"
      }
    },
    "node_modules/@babel/runtime": {
      "version": "7.24.7",
      "resolved": "https://registry.npmjs.org/@babel/runtime/-/runtime-7.24.7.tgz",
      "integrity": "sha512-UwgBRMjJP+xv857DCngvqXI3Iq6J4v0wXmwc6sapg+zyhbwmQX67LUEFrkK5tbyJ30jGuG3ZvWpBiB9LCy1kWw==",
      "dependencies": {
        "regenerator-runtime": "^0.14.0"
      },
      "engines": {
        "node": ">=6.9.0"
      }
    },
    "node_modules/@date-io/core": {
      "version": "1.3.13",
      "resolved": "https://registry.npmjs.org/@date-io/core/-/core-1.3.13.tgz",
      "integrity": "sha512-AlEKV7TxjeK+jxWVKcCFrfYAk8spX9aCyiToFIiLPtfQbsjmRGLIhb5VZgptQcJdHtLXo7+m0DuurwFgUToQuA=="
    },
    "node_modules/@date-io/date-fns": {
      "version": "3.0.0",
      "resolved": "https://registry.npmjs.org/@date-io/date-fns/-/date-fns-3.0.0.tgz",
      "integrity": "sha512-hsLAbsdP8LKfi7OQ729cXMWfmHQEq0hn3ysXfAAoc92j6j6sBq0s0tplnkWu6O4iBUpVCYRPGuNjQQhTaOu2AA==",
      "dependencies": {
        "@date-io/core": "^3.0.0"
      },
      "peerDependencies": {
        "date-fns": "^3.2.0"
      },
      "peerDependenciesMeta": {
        "date-fns": {
          "optional": true
        }
      }
    },
    "node_modules/@date-io/date-fns/node_modules/@date-io/core": {
      "version": "3.0.0",
      "resolved": "https://registry.npmjs.org/@date-io/core/-/core-3.0.0.tgz",
      "integrity": "sha512-S3j+IAQVBYNkQzchVVhX40eBkGDreBpScy9RXwTS5j2+k07+62pMVPisQ44Gq76Rqy5AOG/EZXCwBpY/jbemvA=="
    },
    "node_modules/@emotion/hash": {
      "version": "0.8.0",
      "resolved": "https://registry.npmjs.org/@emotion/hash/-/hash-0.8.0.tgz",
      "integrity": "sha512-kBJtf7PH6aWwZ6fka3zQ0p6SBYzx4fl1LoZXE2RrnYST9Xljm7WfKJrU4g/Xr3Beg72MLrp1AWNUmuYJTL7Cow=="
    },
    "node_modules/@floating-ui/core": {
      "version": "1.6.4",
      "resolved": "https://registry.npmjs.org/@floating-ui/core/-/core-1.6.4.tgz",
      "integrity": "sha512-a4IowK4QkXl4SCWTGUR0INAfEOX3wtsYw3rKK5InQEHMGObkR8Xk44qYQD9P4r6HHw0iIfK6GUKECmY8sTkqRA==",
      "dev": true,
      "dependencies": {
        "@floating-ui/utils": "^0.2.4"
      }
    },
    "node_modules/@floating-ui/dom": {
      "version": "1.6.7",
      "resolved": "https://registry.npmjs.org/@floating-ui/dom/-/dom-1.6.7.tgz",
      "integrity": "sha512-wmVfPG5o2xnKDU4jx/m4w5qva9FWHcnZ8BvzEe90D/RpwsJaTAVYPEPdQ8sbr/N8zZTAHlZUTQdqg8ZUbzHmng==",
      "dev": true,
      "dependencies": {
        "@floating-ui/core": "^1.6.0",
        "@floating-ui/utils": "^0.2.4"
      }
    },
    "node_modules/@floating-ui/react": {
      "version": "0.26.19",
      "resolved": "https://registry.npmjs.org/@floating-ui/react/-/react-0.26.19.tgz",
      "integrity": "sha512-Jk6zITdjjIvjO/VdQFvpRaD3qPwOHH6AoDHxjhpy+oK4KFgaSP871HYWUAPdnLmx1gQ+w/pB312co3tVml+BXA==",
      "dev": true,
      "dependencies": {
        "@floating-ui/react-dom": "^2.1.1",
        "@floating-ui/utils": "^0.2.4",
        "tabbable": "^6.0.0"
      },
      "peerDependencies": {
        "react": ">=16.8.0",
        "react-dom": ">=16.8.0"
      }
    },
    "node_modules/@floating-ui/react-dom": {
      "version": "2.1.1",
      "resolved": "https://registry.npmjs.org/@floating-ui/react-dom/-/react-dom-2.1.1.tgz",
      "integrity": "sha512-4h84MJt3CHrtG18mGsXuLCHMrug49d7DFkU0RMIyshRveBeyV2hmV/pDaF2Uxtu8kgq5r46llp5E5FQiR0K2Yg==",
      "dev": true,
      "dependencies": {
        "@floating-ui/dom": "^1.0.0"
      },
      "peerDependencies": {
        "react": ">=16.8.0",
        "react-dom": ">=16.8.0"
      }
    },
    "node_modules/@floating-ui/utils": {
      "version": "0.2.4",
      "resolved": "https://registry.npmjs.org/@floating-ui/utils/-/utils-0.2.4.tgz",
      "integrity": "sha512-dWO2pw8hhi+WrXq1YJy2yCuWoL20PddgGaqTgVe4cOS9Q6qklXCiA1tJEqX6BEwRNSCP84/afac9hd4MS+zEUA==",
      "dev": true
    },
    "node_modules/@material-ui/core": {
      "version": "4.12.4",
      "resolved": "https://registry.npmjs.org/@material-ui/core/-/core-4.12.4.tgz",
      "integrity": "sha512-tr7xekNlM9LjA6pagJmL8QCgZXaubWUwkJnoYcMKd4gw/t4XiyvnTkjdGrUVicyB2BsdaAv1tvow45bPM4sSwQ==",
      "deprecated": "Material UI v4 doesn't receive active development since September 2021. See the guide https://mui.com/material-ui/migration/migration-v4/ to upgrade to v5.",
      "dependencies": {
        "@babel/runtime": "^7.4.4",
        "@material-ui/styles": "^4.11.5",
        "@material-ui/system": "^4.12.2",
        "@material-ui/types": "5.1.0",
        "@material-ui/utils": "^4.11.3",
        "@types/react-transition-group": "^4.2.0",
        "clsx": "^1.0.4",
        "hoist-non-react-statics": "^3.3.2",
        "popper.js": "1.16.1-lts",
        "prop-types": "^15.7.2",
        "react-is": "^16.8.0 || ^17.0.0",
        "react-transition-group": "^4.4.0"
      },
      "engines": {
        "node": ">=8.0.0"
      },
      "funding": {
        "type": "opencollective",
        "url": "https://opencollective.com/material-ui"
      },
      "peerDependencies": {
        "@types/react": "^16.8.6 || ^17.0.0",
        "react": "^16.8.0 || ^17.0.0",
        "react-dom": "^16.8.0 || ^17.0.0"
      },
      "peerDependenciesMeta": {
        "@types/react": {
          "optional": true
        }
      }
    },
    "node_modules/@material-ui/pickers": {
      "version": "3.3.11",
      "resolved": "https://registry.npmjs.org/@material-ui/pickers/-/pickers-3.3.11.tgz",
      "integrity": "sha512-pDYjbjUeabapijS2FpSwK/ruJdk7IGeAshpLbKDa3PRRKRy7Nv6sXxAvUg2F+lID/NwUKgBmCYS5bzrl7Xxqzw==",
      "deprecated": "This package no longer supported. It has been relaced by @mui/x-date-pickers",
      "dependencies": {
        "@babel/runtime": "^7.6.0",
        "@date-io/core": "1.x",
        "@types/styled-jsx": "^2.2.8",
        "clsx": "^1.0.2",
        "react-transition-group": "^4.0.0",
        "rifm": "^0.7.0"
      },
      "peerDependencies": {
        "@date-io/core": "^1.3.6",
        "@material-ui/core": "^4.0.0",
        "prop-types": "^15.6.0",
        "react": "^16.8.0 || ^17.0.0",
        "react-dom": "^16.8.0 || ^17.0.0"
      }
    },
    "node_modules/@material-ui/styles": {
      "version": "4.11.5",
      "resolved": "https://registry.npmjs.org/@material-ui/styles/-/styles-4.11.5.tgz",
      "integrity": "sha512-o/41ot5JJiUsIETME9wVLAJrmIWL3j0R0Bj2kCOLbSfqEkKf0fmaPt+5vtblUh5eXr2S+J/8J3DaCb10+CzPGA==",
      "deprecated": "Material UI v4 doesn't receive active development since September 2021. See the guide https://mui.com/material-ui/migration/migration-v4/ to upgrade to v5.",
      "dependencies": {
        "@babel/runtime": "^7.4.4",
        "@emotion/hash": "^0.8.0",
        "@material-ui/types": "5.1.0",
        "@material-ui/utils": "^4.11.3",
        "clsx": "^1.0.4",
        "csstype": "^2.5.2",
        "hoist-non-react-statics": "^3.3.2",
        "jss": "^10.5.1",
        "jss-plugin-camel-case": "^10.5.1",
        "jss-plugin-default-unit": "^10.5.1",
        "jss-plugin-global": "^10.5.1",
        "jss-plugin-nested": "^10.5.1",
        "jss-plugin-props-sort": "^10.5.1",
        "jss-plugin-rule-value-function": "^10.5.1",
        "jss-plugin-vendor-prefixer": "^10.5.1",
        "prop-types": "^15.7.2"
      },
      "engines": {
        "node": ">=8.0.0"
      },
      "funding": {
        "type": "opencollective",
        "url": "https://opencollective.com/material-ui"
      },
      "peerDependencies": {
        "@types/react": "^16.8.6 || ^17.0.0",
        "react": "^16.8.0 || ^17.0.0",
        "react-dom": "^16.8.0 || ^17.0.0"
      },
      "peerDependenciesMeta": {
        "@types/react": {
          "optional": true
        }
      }
    },
    "node_modules/@material-ui/system": {
      "version": "4.12.2",
      "resolved": "https://registry.npmjs.org/@material-ui/system/-/system-4.12.2.tgz",
      "integrity": "sha512-6CSKu2MtmiJgcCGf6nBQpM8fLkuB9F55EKfbdTC80NND5wpTmKzwdhLYLH3zL4cLlK0gVaaltW7/wMuyTnN0Lw==",
      "dependencies": {
        "@babel/runtime": "^7.4.4",
        "@material-ui/utils": "^4.11.3",
        "csstype": "^2.5.2",
        "prop-types": "^15.7.2"
      },
      "engines": {
        "node": ">=8.0.0"
      },
      "funding": {
        "type": "opencollective",
        "url": "https://opencollective.com/material-ui"
      },
      "peerDependencies": {
        "@types/react": "^16.8.6 || ^17.0.0",
        "react": "^16.8.0 || ^17.0.0",
        "react-dom": "^16.8.0 || ^17.0.0"
      },
      "peerDependenciesMeta": {
        "@types/react": {
          "optional": true
        }
      }
    },
    "node_modules/@material-ui/types": {
      "version": "5.1.0",
      "resolved": "https://registry.npmjs.org/@material-ui/types/-/types-5.1.0.tgz",
      "integrity": "sha512-7cqRjrY50b8QzRSYyhSpx4WRw2YuO0KKIGQEVk5J8uoz2BanawykgZGoWEqKm7pVIbzFDN0SpPcVV4IhOFkl8A==",
      "peerDependencies": {
        "@types/react": "*"
      },
      "peerDependenciesMeta": {
        "@types/react": {
          "optional": true
        }
      }
    },
    "node_modules/@material-ui/utils": {
      "version": "4.11.3",
      "resolved": "https://registry.npmjs.org/@material-ui/utils/-/utils-4.11.3.tgz",
      "integrity": "sha512-ZuQPV4rBK/V1j2dIkSSEcH5uT6AaHuKWFfotADHsC0wVL1NLd2WkFCm4ZZbX33iO4ydl6V0GPngKm8HZQ2oujg==",
      "dependencies": {
        "@babel/runtime": "^7.4.4",
        "prop-types": "^15.7.2",
        "react-is": "^16.8.0 || ^17.0.0"
      },
      "engines": {
        "node": ">=8.0.0"
      },
      "peerDependencies": {
        "react": "^16.8.0 || ^17.0.0",
        "react-dom": "^16.8.0 || ^17.0.0"
      }
    },
    "node_modules/@remix-run/router": {
      "version": "1.16.1",
      "resolved": "https://registry.npmjs.org/@remix-run/router/-/router-1.16.1.tgz",
      "integrity": "sha512-es2g3dq6Nb07iFxGk5GuHN20RwBZOsuDQN7izWIisUcv9r+d2C5jQxqmgkdebXgReWfiyUabcki6Fg77mSNrig==",
      "engines": {
        "node": ">=14.0.0"
      }
    },
    "node_modules/@types/prop-types": {
      "version": "15.7.12",
      "resolved": "https://registry.npmjs.org/@types/prop-types/-/prop-types-15.7.12.tgz",
      "integrity": "sha512-5zvhXYtRNRluoE/jAp4GVsSduVUzNWKkOZrCDBWYtE7biZywwdC2AcEzg+cSMLFRfVgeAFqpfNabiPjxFddV1Q=="
    },
    "node_modules/@types/react": {
      "version": "17.0.80",
      "resolved": "https://registry.npmjs.org/@types/react/-/react-17.0.80.tgz",
      "integrity": "sha512-LrgHIu2lEtIo8M7d1FcI3BdwXWoRQwMoXOZ7+dPTW0lYREjmlHl3P0U1VD0i/9tppOuv8/sam7sOjx34TxSFbA==",
      "dependencies": {
        "@types/prop-types": "*",
        "@types/scheduler": "^0.16",
        "csstype": "^3.0.2"
      }
    },
    "node_modules/@types/react-transition-group": {
      "version": "4.4.10",
      "resolved": "https://registry.npmjs.org/@types/react-transition-group/-/react-transition-group-4.4.10.tgz",
      "integrity": "sha512-hT/+s0VQs2ojCX823m60m5f0sL5idt9SO6Tj6Dg+rdphGPIeJbJ6CxvBYkgkGKrYeDjvIpKTR38UzmtHJOGW3Q==",
      "dependencies": {
        "@types/react": "*"
      }
    },
    "node_modules/@types/react/node_modules/csstype": {
      "version": "3.1.3",
      "resolved": "https://registry.npmjs.org/csstype/-/csstype-3.1.3.tgz",
      "integrity": "sha512-M1uQkMl8rQK/szD0LNhtqxIPLpimGm8sOBwU7lLnCpSbTyY3yeU1Vc7l4KT5zT4s/yOxHH5O7tIuuLOCnLADRw=="
    },
    "node_modules/@types/scheduler": {
      "version": "0.16.8",
      "resolved": "https://registry.npmjs.org/@types/scheduler/-/scheduler-0.16.8.tgz",
      "integrity": "sha512-WZLiwShhwLRmeV6zH+GkbOFT6Z6VklCItrDioxUnv+u4Ll+8vKeFySoFyK/0ctcRpOmwAicELfmys1sDc/Rw+A=="
    },
    "node_modules/@types/styled-jsx": {
      "version": "2.2.9",
      "resolved": "https://registry.npmjs.org/@types/styled-jsx/-/styled-jsx-2.2.9.tgz",
      "integrity": "sha512-W/iTlIkGEyTBGTEvZCey8EgQlQ5l0DwMqi3iOXlLs2kyBwYTXHKEiU6IZ5EwoRwngL8/dGYuzezSup89ttVHLw==",
      "dependencies": {
        "@types/react": "*"
      }
    },
    "node_modules/apis-helpers": {
      "version": "0.0.1",
      "resolved": "https://registry.npmjs.org/apis-helpers/-/apis-helpers-0.0.1.tgz",
      "integrity": "sha512-LAKhMwnfueM+201+UgvN+LgPQM8Q5aYZ6JiLaD4cHLYwwiylEfaW2sdpOiUmWp6Fkb2ry9v2yTpTN7lV2QYYIQ=="
    },
    "node_modules/asn1": {
      "version": "0.1.11",
      "resolved": "https://registry.npmjs.org/asn1/-/asn1-0.1.11.tgz",
      "integrity": "sha512-Fh9zh3G2mZ8qM/kwsiKwL2U2FmXxVsboP4x1mXjnhKHv3SmzaBZoYvxEQJz/YS2gnCgd8xlAVWcZnQyC9qZBsA==",
      "optional": true,
      "engines": {
        "node": ">=0.4.9"
      }
    },
    "node_modules/assert-plus": {
      "version": "0.1.5",
      "resolved": "https://registry.npmjs.org/assert-plus/-/assert-plus-0.1.5.tgz",
      "integrity": "sha512-brU24g7ryhRwGCI2y+1dGQmQXiZF7TtIj583S96y0jjdajIe6wn8BuXyELYhvD22dtIxDQVFk04YTJwwdwOYJw==",
      "optional": true,
      "engines": {
        "node": ">=0.8"
      }
    },
    "node_modules/async": {
      "version": "0.9.2",
      "resolved": "https://registry.npmjs.org/async/-/async-0.9.2.tgz",
      "integrity": "sha512-l6ToIJIotphWahxxHyzK9bnLR6kM4jJIIgLShZeqLY7iboHoGkdgFl7W2/Ivi4SkMJYGKqW8vSuk0uKUj6qsSw==",
      "optional": true
    },
    "node_modules/autobind-decorator": {
      "version": "1.4.3",
      "resolved": "https://registry.npmjs.org/autobind-decorator/-/autobind-decorator-1.4.3.tgz",
      "integrity": "sha512-FRzT10Vc0lzgDOhMTpm9a2kZF6Q+MMGwd6Y7OGgHigMZwGz7vpN4qH9ifiPTum8mhJQV9UqLPperHxc9yalAAA=="
    },
    "node_modules/aws-sign2": {
      "version": "0.5.0",
      "resolved": "https://registry.npmjs.org/aws-sign2/-/aws-sign2-0.5.0.tgz",
      "integrity": "sha512-oqUX0DM5j7aPWPCnpWebiyNIj2wiNI87ZxnOMoGv0aE4TGlBy2N+5iWc6dQ/NOKZaBD2W6PVz8jtOGkWzSC5EA==",
      "optional": true,
      "engines": {
        "node": "*"
      }
    },
    "node_modules/babel-runtime": {
      "version": "5.8.38",
      "resolved": "https://registry.npmjs.org/babel-runtime/-/babel-runtime-5.8.38.tgz",
      "integrity": "sha512-KpgoA8VE/pMmNCrnEeeXqFG24TIH11Z3ZaimIhJWsin8EbfZy3WzFKUTIan10ZIDgRVvi9EkLbruJElJC9dRlg==",
      "peer": true,
      "dependencies": {
        "core-js": "^1.0.0"
      }
    },
    "node_modules/boom": {
      "version": "0.4.2",
      "resolved": "https://registry.npmjs.org/boom/-/boom-0.4.2.tgz",
      "integrity": "sha512-OvfN8y1oAxxphzkl2SnCS+ztV/uVKTATtgLjWYg/7KwcNyf3rzpHxNQJZCKtsZd4+MteKczhWbSjtEX4bGgU9g==",
      "deprecated": "This version has been deprecated in accordance with the hapi support policy (hapi.im/support). Please upgrade to the latest version to get the best features, bug fixes, and security patches. If you are unable to upgrade at this time, paid support is available for older versions (hapi.im/commercial).",
      "optional": true,
      "dependencies": {
        "hoek": "0.9.x"
      },
      "engines": {
        "node": ">=0.8.0"
      }
    },
    "node_modules/cheerio": {
      "version": "0.13.1",
      "resolved": "https://registry.npmjs.org/cheerio/-/cheerio-0.13.1.tgz",
      "integrity": "sha512-rf91mJeJg8CiTithSnWkxLzU7tlxwEhV2ABumqaYqa/p5yyojI6U4CrilM+UtVWOTtjNE2Y3zEkYMuZdjWJ76g==",
      "dependencies": {
        "CSSselect": "~0.4.0",
        "entities": "0.x",
        "htmlparser2": "~3.4.0",
        "underscore": "~1.5"
      },
      "engines": {
        "node": ">= 0.6"
      }
    },
    "node_modules/cheerio/node_modules/underscore": {
      "version": "1.5.2",
      "resolved": "https://registry.npmjs.org/underscore/-/underscore-1.5.2.tgz",
      "integrity": "sha512-yejOFsRnTJs0N9CK5Apzf6maDO2djxGoLLrlZlvGs2o9ZQuhIhDL18rtFyy4FBIbOkzA6+4hDgXbgz5EvDQCXQ=="
    },
    "node_modules/classnames": {
      "version": "2.5.1",
      "resolved": "https://registry.npmjs.org/classnames/-/classnames-2.5.1.tgz",
      "integrity": "sha512-saHYOzhIQs6wy2sVxTM6bUDsQO4F50V9RQ22qBpEdCW+I+/Wmke2HOl6lS6dTpdxVhb88/I6+Hs+438c3lfUow=="
    },
    "node_modules/clsx": {
      "version": "1.2.1",
      "resolved": "https://registry.npmjs.org/clsx/-/clsx-1.2.1.tgz",
      "integrity": "sha512-EcR6r5a8bj6pu3ycsa/E/cKVGuTgZJZdsyUYHOksG/UHIiKfjxzRxYJpyVBwYaQeOvghal9fcc4PidlgzugAQg==",
      "engines": {
        "node": ">=6"
      }
    },
    "node_modules/combined-stream": {
      "version": "0.0.7",
      "resolved": "https://registry.npmjs.org/combined-stream/-/combined-stream-0.0.7.tgz",
      "integrity": "sha512-qfexlmLp9MyrkajQVyjEDb0Vj+KhRgR/rxLiVhaihlT+ZkX0lReqtH6Ack40CvMDERR4b5eFp3CreskpBs1Pig==",
      "optional": true,
      "dependencies": {
        "delayed-stream": "0.0.5"
      },
      "engines": {
        "node": ">= 0.8"
      }
    },
    "node_modules/core-js": {
      "version": "1.2.7",
      "resolved": "https://registry.npmjs.org/core-js/-/core-js-1.2.7.tgz",
      "integrity": "sha512-ZiPp9pZlgxpWRu0M+YWbm6+aQ84XEfH1JRXvfOc/fILWI0VKhLC2LX13X1NYq4fULzLMq7Hfh43CSo2/aIaUPA==",
      "deprecated": "core-js@<3.23.3 is no longer maintained and not recommended for usage due to the number of issues. Because of the V8 engine whims, feature detection in old core-js versions could cause a slowdown up to 100x even if nothing is polyfilled. Some versions have web compatibility issues. Please, upgrade your dependencies to the actual version of core-js.",
      "peer": true
    },
    "node_modules/core-util-is": {
      "version": "1.0.3",
      "resolved": "https://registry.npmjs.org/core-util-is/-/core-util-is-1.0.3.tgz",
      "integrity": "sha512-ZQBvi1DcpJ4GDqanjucZ2Hj3wEO5pZDS89BWbkcrvdxksJorwUDDZamX9ldFkp9aw2lmBDLgkObEA4DWNJ9FYQ=="
    },
    "node_modules/cryptiles": {
      "version": "0.2.2",
      "resolved": "https://registry.npmjs.org/cryptiles/-/cryptiles-0.2.2.tgz",
      "integrity": "sha512-gvWSbgqP+569DdslUiCelxIv3IYK5Lgmq1UrRnk+s1WxQOQ16j3GPDcjdtgL5Au65DU/xQi6q3xPtf5Kta+3IQ==",
      "deprecated": "This version has been deprecated in accordance with the hapi support policy (hapi.im/support). Please upgrade to the latest version to get the best features, bug fixes, and security patches. If you are unable to upgrade at this time, paid support is available for older versions (hapi.im/commercial).",
      "optional": true,
      "dependencies": {
        "boom": "0.4.x"
      },
      "engines": {
        "node": ">=0.8.0"
      }
    },
    "node_modules/css-vendor": {
      "version": "2.0.8",
      "resolved": "https://registry.npmjs.org/css-vendor/-/css-vendor-2.0.8.tgz",
      "integrity": "sha512-x9Aq0XTInxrkuFeHKbYC7zWY8ai7qJ04Kxd9MnvbC1uO5DagxoHQjm4JvG+vCdXOoFtCjbL2XSZfxmoYa9uQVQ==",
      "dependencies": {
        "@babel/runtime": "^7.8.3",
        "is-in-browser": "^1.0.2"
      }
    },
    "node_modules/CSSselect": {
      "version": "0.4.1",
      "resolved": "https://registry.npmjs.org/CSSselect/-/CSSselect-0.4.1.tgz",
      "integrity": "sha512-r4HWARRbQ6enGbdPCrl3bNybORIcU0AcBLTyaxcWNTRd6EH2/w9RInHkUbUhwehrBFN1KQz+yFulhyIH31ZXAw==",
      "deprecated": "the module is now available as 'css-select'",
      "dependencies": {
        "CSSwhat": "0.4",
        "domutils": "1.4"
      }
    },
    "node_modules/csstype": {
      "version": "2.6.21",
      "resolved": "https://registry.npmjs.org/csstype/-/csstype-2.6.21.tgz",
      "integrity": "sha512-Z1PhmomIfypOpoMjRQB70jfvy/wxT50qW08YXO5lMIJkrdq4yOTR+AW7FqutScmB9NkLwxo+jU+kZLbofZZq/w=="
    },
    "node_modules/CSSwhat": {
      "version": "0.4.7",
      "resolved": "https://registry.npmjs.org/CSSwhat/-/CSSwhat-0.4.7.tgz",
      "integrity": "sha512-bU5cYG02crjQGDN6wm8USThp/sr/MUulMTrVA1CENSBhv3B+mlJfYDP1em/wJlMT0aYcWso0cuT9NXW74yPfog==",
      "deprecated": "the module is now available as 'css-what'",
      "engines": {
        "node": "*"
      }
    },
    "node_modules/ctype": {
      "version": "0.5.3",
      "resolved": "https://registry.npmjs.org/ctype/-/ctype-0.5.3.tgz",
      "integrity": "sha512-T6CEkoSV4q50zW3TlTHMbzy1E5+zlnNcY+yb7tWVYlTwPhx9LpnfAkd4wecpWknDyptp4k97LUZeInlf6jdzBg==",
      "optional": true,
      "engines": {
        "node": ">= 0.4"
      }
    },
    "node_modules/date-fns": {
      "version": "3.6.0",
      "resolved": "https://registry.npmjs.org/date-fns/-/date-fns-3.6.0.tgz",
      "integrity": "sha512-fRHTG8g/Gif+kSh50gaGEdToemgfj74aRX3swtiouboip5JDLAyDE9F11nHMIcvOaXeOC6D7SpNhi7uFyB7Uww==",
      "funding": {
        "type": "github",
        "url": "https://github.com/sponsors/kossnocorp"
      }
    },
    "node_modules/declension": {
      "version": "0.1.0",
      "resolved": "https://registry.npmjs.org/declension/-/declension-0.1.0.tgz",
      "integrity": "sha512-8T/3asBktbBsHk4r3MmCzI5eMteIHVIBmILzk5TjzpbU53CEtGULo3Oc1nApgpB++Y52pZdHSkuI6fgLAWapvg==",
      "dependencies": {
        "apis-helpers": "0.0.1",
        "cheerio": "~0.13.0",
        "error-helper": "*",
        "request": "~2.30.0",
        "underscore": "~1.6.0"
      }
    },
    "node_modules/delayed-stream": {
      "version": "0.0.5",
      "resolved": "https://registry.npmjs.org/delayed-stream/-/delayed-stream-0.0.5.tgz",
      "integrity": "sha512-v+7uBd1pqe5YtgPacIIbZ8HuHeLFVNe4mUEyFDXL6KiqzEykjbw+5mXZXpGFgNVasdL4jWKgaKIXrEHiynN1LA==",
      "optional": true,
      "engines": {
        "node": ">=0.4.0"
      }
    },
    "node_modules/dom-helpers": {
      "version": "5.2.1",
      "resolved": "https://registry.npmjs.org/dom-helpers/-/dom-helpers-5.2.1.tgz",
      "integrity": "sha512-nRCa7CK3VTrM2NmGkIy4cbK7IZlgBE/PYMn55rrXefr5xXDP0LdtfPnblFDoVdcAfslJ7or6iqAUnx0CCGIWQA==",
      "dependencies": {
        "@babel/runtime": "^7.8.7",
        "csstype": "^3.0.2"
      }
    },
    "node_modules/dom-helpers/node_modules/csstype": {
      "version": "3.1.3",
      "resolved": "https://registry.npmjs.org/csstype/-/csstype-3.1.3.tgz",
      "integrity": "sha512-M1uQkMl8rQK/szD0LNhtqxIPLpimGm8sOBwU7lLnCpSbTyY3yeU1Vc7l4KT5zT4s/yOxHH5O7tIuuLOCnLADRw=="
    },
    "node_modules/domelementtype": {
      "version": "1.3.1",
      "resolved": "https://registry.npmjs.org/domelementtype/-/domelementtype-1.3.1.tgz",
      "integrity": "sha512-BSKB+TSpMpFI/HOxCNr1O8aMOTZ8hT3pM3GQ0w/mWRmkhEDSFJkkyzz4XQsBV44BChwGkrDfMyjVD0eA2aFV3w=="
    },
    "node_modules/domhandler": {
      "version": "2.2.1",
      "resolved": "https://registry.npmjs.org/domhandler/-/domhandler-2.2.1.tgz",
      "integrity": "sha512-MFFBQFGkyTuNe3vL9WEw9JdlCwIoBYpOGESLeZAvc/jClYNsOl6P1KzevJbWg76GovdEycfR7/2/Ra7NnqtMKw==",
      "dependencies": {
        "domelementtype": "1"
      }
    },
    "node_modules/domutils": {
      "version": "1.4.3",
      "resolved": "https://registry.npmjs.org/domutils/-/domutils-1.4.3.tgz",
      "integrity": "sha512-ZkVgS/PpxjyJMb+S2iVHHEZjVnOUtjGp0/zstqKGTE9lrZtNHlNQmLwP/lhLMEApYbzc08BKMx9IFpKhaSbW1w==",
      "dependencies": {
        "domelementtype": "1"
      }
    },
    "node_modules/entities": {
      "version": "0.5.0",
      "resolved": "https://registry.npmjs.org/entities/-/entities-0.5.0.tgz",
      "integrity": "sha512-T5XQtlzuW+PfeSsGp3uryfYQof820zYbnUnUDEkwUVIAfgYeixIN16c4jh8gs0SqJUTGLU0XD6QsvjEPbmdwzQ=="
    },
    "node_modules/error-helper": {
      "version": "0.1.0",
      "resolved": "https://registry.npmjs.org/error-helper/-/error-helper-0.1.0.tgz",
      "integrity": "sha512-bmLHaCXwxO362yGMNEDkMVnLvBmxCWE2tOvuguIJHs4FMXZ++jANFtJ/hrFenxD3FxTZvlaGbsNhLRCTMnwVlg=="
    },
    "node_modules/forever-agent": {
      "version": "0.5.2",
      "resolved": "https://registry.npmjs.org/forever-agent/-/forever-agent-0.5.2.tgz",
      "integrity": "sha512-PDG5Ef0Dob/JsZUxUltJOhm/Y9mlteAE+46y3M9RBz/Rd3QVENJ75aGRhN56yekTUboaBIkd8KVWX2NjF6+91A==",
      "engines": {
        "node": "*"
      }
    },
    "node_modules/form-data": {
      "version": "0.1.4",
      "resolved": "https://registry.npmjs.org/form-data/-/form-data-0.1.4.tgz",
      "integrity": "sha512-x8eE+nzFtAMA0YYlSxf/Qhq6vP1f8wSoZ7Aw1GuctBcmudCNuTUmmx45TfEplyb6cjsZO/jvh6+1VpZn24ez+w==",
      "optional": true,
      "dependencies": {
        "async": "~0.9.0",
        "combined-stream": "~0.0.4",
        "mime": "~1.2.11"
      },
      "engines": {
        "node": ">= 0.8"
      }
    },
    "node_modules/hawk": {
      "version": "1.0.0",
      "resolved": "https://registry.npmjs.org/hawk/-/hawk-1.0.0.tgz",
      "integrity": "sha512-Sg+VzrI7TjUomO0rjD6UXawsj50ykn5sB/xKNW/IenxzRVyw/wt9A2FLzYpGL/r0QG5hyXY8nLx/2m8UutoDcg==",
      "deprecated": "This module moved to @hapi/hawk. Please make sure to switch over as this distribution is no longer supported and may contain bugs and critical security issues.",
      "optional": true,
      "dependencies": {
        "boom": "0.4.x",
        "cryptiles": "0.2.x",
        "hoek": "0.9.x",
        "sntp": "0.2.x"
      },
      "engines": {
        "node": ">=0.8.0"
      }
    },
    "node_modules/hoek": {
      "version": "0.9.1",
      "resolved": "https://registry.npmjs.org/hoek/-/hoek-0.9.1.tgz",
      "integrity": "sha512-ZZ6eGyzGjyMTmpSPYVECXy9uNfqBR7x5CavhUaLOeD6W0vWK1mp/b7O3f86XE0Mtfo9rZ6Bh3fnuw9Xr8MF9zA==",
      "deprecated": "This version has been deprecated in accordance with the hapi support policy (hapi.im/support). Please upgrade to the latest version to get the best features, bug fixes, and security patches. If you are unable to upgrade at this time, paid support is available for older versions (hapi.im/commercial).",
      "optional": true,
      "engines": {
        "node": ">=0.8.0"
      }
    },
    "node_modules/hoist-non-react-statics": {
      "version": "3.3.2",
      "resolved": "https://registry.npmjs.org/hoist-non-react-statics/-/hoist-non-react-statics-3.3.2.tgz",
      "integrity": "sha512-/gGivxi8JPKWNm/W0jSmzcMPpfpPLc3dY/6GxhX2hQ9iGj3aDfklV4ET7NjKpSinLpJ5vafa9iiGIEZg10SfBw==",
      "dependencies": {
        "react-is": "^16.7.0"
      }
    },
    "node_modules/hoist-non-react-statics/node_modules/react-is": {
      "version": "16.13.1",
      "resolved": "https://registry.npmjs.org/react-is/-/react-is-16.13.1.tgz",
      "integrity": "sha512-24e6ynE2H+OKt4kqsOvNd8kBpV65zoxbA4BVsEOB3ARVWQki/DHzaUoC5KuON/BiccDaCCTZBuOcfZs70kR8bQ=="
    },
    "node_modules/htmlparser2": {
      "version": "3.4.0",
      "resolved": "https://registry.npmjs.org/htmlparser2/-/htmlparser2-3.4.0.tgz",
      "integrity": "sha512-jqjGChZ/01Y68q+/2ov5qB+EpAtAatKWKCK0gONzq6beIZLGjiHZrSF6Ld7/w6VDUHHXFMDFJL3DUR+RFXohWw==",
      "dependencies": {
        "domelementtype": "1",
        "domhandler": "2.2",
        "domutils": "1.3",
        "readable-stream": "1.1"
      }
    },
    "node_modules/htmlparser2/node_modules/domutils": {
      "version": "1.3.0",
      "resolved": "https://registry.npmjs.org/domutils/-/domutils-1.3.0.tgz",
      "integrity": "sha512-1UdPmldjSGewOuWE40YYFZB1Q4im4LZoCMXGYeTeLz3R9hvxrDYJPRcPHXR4yBbubQebgGNCY2hwpJxmAiUMzQ==",
      "dependencies": {
        "domelementtype": "1"
      }
    },
    "node_modules/http-signature": {
      "version": "0.10.1",
      "resolved": "https://registry.npmjs.org/http-signature/-/http-signature-0.10.1.tgz",
      "integrity": "sha512-coK8uR5rq2IMj+Hen+sKPA5ldgbCc1/spPdKCL1Fw6h+D0s/2LzMcRK0Cqufs1h0ryx/niwBHGFu8HC3hwU+lA==",
      "optional": true,
      "dependencies": {
        "asn1": "0.1.11",
        "assert-plus": "^0.1.5",
        "ctype": "0.5.3"
      },
      "engines": {
        "node": ">=0.8"
      }
    },
    "node_modules/hyphenate-style-name": {
      "version": "1.1.0",
      "resolved": "https://registry.npmjs.org/hyphenate-style-name/-/hyphenate-style-name-1.1.0.tgz",
      "integrity": "sha512-WDC/ui2VVRrz3jOVi+XtjqkDjiVjTtFaAGiW37k6b+ohyQ5wYDOGkvCZa8+H0nx3gyvv0+BST9xuOgIyGQ00gw=="
    },
    "node_modules/inflect": {
      "version": "0.5.0",
      "resolved": "https://registry.npmjs.org/inflect/-/inflect-0.5.0.tgz",
      "integrity": "sha512-Wci3Towe5T2hOK98O6eFPHNZLClSITFgngOF+YkWgeO0r7t268oVm9Hb1ogcGDaa++EhIf/DxGLbeUbGpQ7H1g==",
      "engines": {
        "node": ">=10.19.0"
      }
    },
    "node_modules/inherits": {
      "version": "2.0.4",
      "resolved": "https://registry.npmjs.org/inherits/-/inherits-2.0.4.tgz",
      "integrity": "sha512-k/vGaX4/Yla3WzyMCvTQOXYeIHvqOKtnqBduzTHpzpQZzAskKMhZ2K+EnBiSM9zGSoIFeMpXKxa4dYeZIQqewQ=="
    },
    "node_modules/is-in-browser": {
      "version": "1.1.3",
      "resolved": "https://registry.npmjs.org/is-in-browser/-/is-in-browser-1.1.3.tgz",
      "integrity": "sha512-FeXIBgG/CPGd/WUxuEyvgGTEfwiG9Z4EKGxjNMRqviiIIfsmgrpnHLffEDdwUHqNva1VEW91o3xBT/m8Elgl9g=="
    },
    "node_modules/isarray": {
      "version": "0.0.1",
      "resolved": "https://registry.npmjs.org/isarray/-/isarray-0.0.1.tgz",
      "integrity": "sha512-D2S+3GLxWH+uhrNEcoh/fnmYeP8E8/zHl644d/jdA0g2uyXvy3sb0qxotE+ne0LtccHknQzWwZEzhak7oJ0COQ=="
    },
    "node_modules/js-tokens": {
      "version": "4.0.0",
      "resolved": "https://registry.npmjs.org/js-tokens/-/js-tokens-4.0.0.tgz",
      "integrity": "sha512-RdJUflcE3cUzKiMqQgsCu06FPu9UdIJO0beYbPhHN4k6apgJtifcoCtT9bcxOpYBtpD2kCM6Sbzg4CausW/PKQ=="
    },
    "node_modules/json-stringify-safe": {
      "version": "5.0.1",
      "resolved": "https://registry.npmjs.org/json-stringify-safe/-/json-stringify-safe-5.0.1.tgz",
      "integrity": "sha512-ZClg6AaYvamvYEE82d3Iyd3vSSIjQ+odgjaTzRuO3s7toCdFKczob2i0zCh7JE8kWn17yvAWhUVxvqGwUalsRA=="
    },
    "node_modules/jss": {
      "version": "10.10.0",
      "resolved": "https://registry.npmjs.org/jss/-/jss-10.10.0.tgz",
      "integrity": "sha512-cqsOTS7jqPsPMjtKYDUpdFC0AbhYFLTcuGRqymgmdJIeQ8cH7+AgX7YSgQy79wXloZq2VvATYxUOUQEvS1V/Zw==",
      "dependencies": {
        "@babel/runtime": "^7.3.1",
        "csstype": "^3.0.2",
        "is-in-browser": "^1.1.3",
        "tiny-warning": "^1.0.2"
      },
      "funding": {
        "type": "opencollective",
        "url": "https://opencollective.com/jss"
      }
    },
    "node_modules/jss-plugin-camel-case": {
      "version": "10.10.0",
      "resolved": "https://registry.npmjs.org/jss-plugin-camel-case/-/jss-plugin-camel-case-10.10.0.tgz",
      "integrity": "sha512-z+HETfj5IYgFxh1wJnUAU8jByI48ED+v0fuTuhKrPR+pRBYS2EDwbusU8aFOpCdYhtRc9zhN+PJ7iNE8pAWyPw==",
      "dependencies": {
        "@babel/runtime": "^7.3.1",
        "hyphenate-style-name": "^1.0.3",
        "jss": "10.10.0"
      }
    },
    "node_modules/jss-plugin-default-unit": {
      "version": "10.10.0",
      "resolved": "https://registry.npmjs.org/jss-plugin-default-unit/-/jss-plugin-default-unit-10.10.0.tgz",
      "integrity": "sha512-SvpajxIECi4JDUbGLefvNckmI+c2VWmP43qnEy/0eiwzRUsafg5DVSIWSzZe4d2vFX1u9nRDP46WCFV/PXVBGQ==",
      "dependencies": {
        "@babel/runtime": "^7.3.1",
        "jss": "10.10.0"
      }
    },
    "node_modules/jss-plugin-global": {
      "version": "10.10.0",
      "resolved": "https://registry.npmjs.org/jss-plugin-global/-/jss-plugin-global-10.10.0.tgz",
      "integrity": "sha512-icXEYbMufiNuWfuazLeN+BNJO16Ge88OcXU5ZDC2vLqElmMybA31Wi7lZ3lf+vgufRocvPj8443irhYRgWxP+A==",
      "dependencies": {
        "@babel/runtime": "^7.3.1",
        "jss": "10.10.0"
      }
    },
    "node_modules/jss-plugin-nested": {
      "version": "10.10.0",
      "resolved": "https://registry.npmjs.org/jss-plugin-nested/-/jss-plugin-nested-10.10.0.tgz",
      "integrity": "sha512-9R4JHxxGgiZhurDo3q7LdIiDEgtA1bTGzAbhSPyIOWb7ZubrjQe8acwhEQ6OEKydzpl8XHMtTnEwHXCARLYqYA==",
      "dependencies": {
        "@babel/runtime": "^7.3.1",
        "jss": "10.10.0",
        "tiny-warning": "^1.0.2"
      }
    },
    "node_modules/jss-plugin-props-sort": {
      "version": "10.10.0",
      "resolved": "https://registry.npmjs.org/jss-plugin-props-sort/-/jss-plugin-props-sort-10.10.0.tgz",
      "integrity": "sha512-5VNJvQJbnq/vRfje6uZLe/FyaOpzP/IH1LP+0fr88QamVrGJa0hpRRyAa0ea4U/3LcorJfBFVyC4yN2QC73lJg==",
      "dependencies": {
        "@babel/runtime": "^7.3.1",
        "jss": "10.10.0"
      }
    },
    "node_modules/jss-plugin-rule-value-function": {
      "version": "10.10.0",
      "resolved": "https://registry.npmjs.org/jss-plugin-rule-value-function/-/jss-plugin-rule-value-function-10.10.0.tgz",
      "integrity": "sha512-uEFJFgaCtkXeIPgki8ICw3Y7VMkL9GEan6SqmT9tqpwM+/t+hxfMUdU4wQ0MtOiMNWhwnckBV0IebrKcZM9C0g==",
      "dependencies": {
        "@babel/runtime": "^7.3.1",
        "jss": "10.10.0",
        "tiny-warning": "^1.0.2"
      }
    },
    "node_modules/jss-plugin-vendor-prefixer": {
      "version": "10.10.0",
      "resolved": "https://registry.npmjs.org/jss-plugin-vendor-prefixer/-/jss-plugin-vendor-prefixer-10.10.0.tgz",
      "integrity": "sha512-UY/41WumgjW8r1qMCO8l1ARg7NHnfRVWRhZ2E2m0DMYsr2DD91qIXLyNhiX83hHswR7Wm4D+oDYNC1zWCJWtqg==",
      "dependencies": {
        "@babel/runtime": "^7.3.1",
        "css-vendor": "^2.0.8",
        "jss": "10.10.0"
      }
    },
    "node_modules/jss/node_modules/csstype": {
      "version": "3.1.3",
      "resolved": "https://registry.npmjs.org/csstype/-/csstype-3.1.3.tgz",
      "integrity": "sha512-M1uQkMl8rQK/szD0LNhtqxIPLpimGm8sOBwU7lLnCpSbTyY3yeU1Vc7l4KT5zT4s/yOxHH5O7tIuuLOCnLADRw=="
    },
    "node_modules/loose-envify": {
      "version": "1.4.0",
      "resolved": "https://registry.npmjs.org/loose-envify/-/loose-envify-1.4.0.tgz",
      "integrity": "sha512-lyuxPGr/Wfhrlem2CL/UcnUc1zcqKAImBDzukY7Y5F/yQiNdko6+fRLevlw1HgMySw7f611UIY408EtxRSoK3Q==",
      "dependencies": {
        "js-tokens": "^3.0.0 || ^4.0.0"
      },
      "bin": {
        "loose-envify": "cli.js"
      }
    },
    "node_modules/mime": {
      "version": "1.2.11",
      "resolved": "https://registry.npmjs.org/mime/-/mime-1.2.11.tgz",
      "integrity": "sha512-Ysa2F/nqTNGHhhm9MV8ure4+Hc+Y8AWiqUdHxsO7xu8zc92ND9f3kpALHjaP026Ft17UfxrMt95c50PLUeynBw=="
    },
    "node_modules/node-uuid": {
      "version": "1.4.8",
      "resolved": "https://registry.npmjs.org/node-uuid/-/node-uuid-1.4.8.tgz",
      "integrity": "sha512-TkCET/3rr9mUuRp+CpO7qfgT++aAxfDRaalQhwPFzI9BY/2rCDn6OfpZOVggi1AXfTPpfkTrg5f5WQx5G1uLxA==",
      "deprecated": "Use uuid module instead",
      "bin": {
        "uuid": "bin/uuid"
      }
    },
    "node_modules/oauth-sign": {
      "version": "0.3.0",
      "resolved": "https://registry.npmjs.org/oauth-sign/-/oauth-sign-0.3.0.tgz",
      "integrity": "sha512-Tr31Sh5FnK9YKm7xTUPyDMsNOvMqkVDND0zvK/Wgj7/H9q8mpye0qG2nVzrnsvLhcsX5DtqXD0la0ks6rkPCGQ==",
      "optional": true,
      "engines": {
        "node": "*"
      }
    },
    "node_modules/object-assign": {
      "version": "4.1.1",
      "resolved": "https://registry.npmjs.org/object-assign/-/object-assign-4.1.1.tgz",
      "integrity": "sha512-rJgTQnkUnH1sFw8yT6VSU3zD3sWmu6sZhIseY8VX+GRu3P6F7Fu+JNDoXfklElbLJSnc3FUQHVe4cU5hj+BcUg==",
      "engines": {
        "node": ">=0.10.0"
      }
    },
    "node_modules/popper.js": {
      "version": "1.16.1-lts",
      "resolved": "https://registry.npmjs.org/popper.js/-/popper.js-1.16.1-lts.tgz",
      "integrity": "sha512-Kjw8nKRl1m+VrSFCoVGPph93W/qrSO7ZkqPpTf7F4bk/sqcfWK019dWBUpE/fBOsOQY1dks/Bmcbfn1heM/IsA=="
    },
    "node_modules/prop-types": {
      "version": "15.8.1",
      "resolved": "https://registry.npmjs.org/prop-types/-/prop-types-15.8.1.tgz",
      "integrity": "sha512-oj87CgZICdulUohogVAR7AjlC0327U4el4L6eAvOqCeudMDVU0NThNaV+b9Df4dXgSP1gXMTnPdhfe/2qDH5cg==",
      "dependencies": {
        "loose-envify": "^1.4.0",
        "object-assign": "^4.1.1",
        "react-is": "^16.13.1"
      }
    },
    "node_modules/prop-types/node_modules/react-is": {
      "version": "16.13.1",
      "resolved": "https://registry.npmjs.org/react-is/-/react-is-16.13.1.tgz",
      "integrity": "sha512-24e6ynE2H+OKt4kqsOvNd8kBpV65zoxbA4BVsEOB3ARVWQki/DHzaUoC5KuON/BiccDaCCTZBuOcfZs70kR8bQ=="
    },
    "node_modules/punycode": {
      "version": "2.3.1",
      "resolved": "https://registry.npmjs.org/punycode/-/punycode-2.3.1.tgz",
      "integrity": "sha512-vYt7UD1U9Wg6138shLtLOvdAu+8DsC/ilFtEVHcH+wydcSpNE20AfSOduf6MkRFahL5FY7X1oU7nKVZFtfq8Fg==",
      "optional": true,
      "engines": {
        "node": ">=6"
      }
    },
    "node_modules/qs": {
      "version": "0.6.6",
      "resolved": "https://registry.npmjs.org/qs/-/qs-0.6.6.tgz",
      "integrity": "sha512-kN+yNdAf29Jgp+AYHUmC7X4QdJPR8czuMWLNLc0aRxkQ7tB3vJQEONKKT9ou/rW7EbqVec11srC9q9BiVbcnHA==",
      "engines": {
        "node": "*"
      }
    },
    "node_modules/rc-slider": {
      "version": "11.1.5",
      "resolved": "https://registry.npmjs.org/rc-slider/-/rc-slider-11.1.5.tgz",
      "integrity": "sha512-b77H5PbjMKsvkYXAYIkn50QuFX6ICQmCTibDinI9q+BHx65/TV4TeU25+oadhSRzykxs0/vBWeKBwRyySOeWlg==",
      "dependencies": {
        "@babel/runtime": "^7.10.1",
        "classnames": "^2.2.5",
        "rc-util": "^5.36.0"
      },
      "engines": {
        "node": ">=8.x"
      },
      "peerDependencies": {
        "react": ">=16.9.0",
        "react-dom": ">=16.9.0"
      }
    },
    "node_modules/rc-util": {
      "version": "5.43.0",
      "resolved": "https://registry.npmjs.org/rc-util/-/rc-util-5.43.0.tgz",
      "integrity": "sha512-AzC7KKOXFqAdIBqdGWepL9Xn7cm3vnAmjlHqUnoQaTMZYhM4VlXGLkkHHxj/BZ7Td0+SOPKB4RGPboBVKT9htw==",
      "dependencies": {
        "@babel/runtime": "^7.18.3",
        "react-is": "^18.2.0"
      },
      "peerDependencies": {
        "react": ">=16.9.0",
        "react-dom": ">=16.9.0"
      }
    },
    "node_modules/rc-util/node_modules/react-is": {
      "version": "18.3.1",
      "resolved": "https://registry.npmjs.org/react-is/-/react-is-18.3.1.tgz",
      "integrity": "sha512-/LLMVyas0ljjAtoYiPqYiL8VWXzUUdThrmU5+n20DZv+a+ClRoevUzw5JxU+Ieh5/c87ytoTBV9G1FiKfNJdmg=="
    },
    "node_modules/react": {
      "version": "16.14.0",
      "resolved": "https://registry.npmjs.org/react/-/react-16.14.0.tgz",
      "integrity": "sha512-0X2CImDkJGApiAlcf0ODKIneSwBPhqJawOa5wCtKbu7ZECrmS26NvtSILynQ66cgkT/RJ4LidJOc3bUESwmU8g==",
      "peer": true,
      "dependencies": {
        "loose-envify": "^1.1.0",
        "object-assign": "^4.1.1",
        "prop-types": "^15.6.2"
      },
      "engines": {
        "node": ">=0.10.0"
      }
    },
    "node_modules/react-datepicker": {
      "version": "7.2.0",
      "resolved": "https://registry.npmjs.org/react-datepicker/-/react-datepicker-7.2.0.tgz",
      "integrity": "sha512-Hhs1Fk6/ZqpGGg9QX/JjzvgEJoSFKYCAvRVdBbjxvOjflsXutFprAl/E0ZOm1J+/b/jQqU03WMTTNLcw5nXcuw==",
      "dev": true,
      "dependencies": {
        "@floating-ui/react": "^0.26.2",
        "clsx": "^2.1.0",
        "date-fns": "^3.3.1",
        "prop-types": "^15.7.2",
        "react-onclickoutside": "^6.13.0"
      },
      "peerDependencies": {
        "react": "^16.9.0 || ^17 || ^18",
        "react-dom": "^16.9.0 || ^17 || ^18"
      }
    },
    "node_modules/react-datepicker/node_modules/clsx": {
      "version": "2.1.1",
      "resolved": "https://registry.npmjs.org/clsx/-/clsx-2.1.1.tgz",
      "integrity": "sha512-eYm0QWBtUrBWZWG0d386OGAw16Z995PiOVo2B7bjWSbHedGl5e0ZWaq65kOGgUSNesEIDkB9ISbTg/JK9dhCZA==",
      "dev": true,
      "engines": {
        "node": ">=6"
      }
    },
    "node_modules/react-dom": {
      "version": "16.14.0",
      "resolved": "https://registry.npmjs.org/react-dom/-/react-dom-16.14.0.tgz",
      "integrity": "sha512-1gCeQXDLoIqMgqD3IO2Ah9bnf0w9kzhwN5q4FGnHZ67hBm9yePzB5JJAIQCc8x3pFnNlwFq4RidZggNAAkzWWw==",
      "peer": true,
      "dependencies": {
        "loose-envify": "^1.1.0",
        "object-assign": "^4.1.1",
        "prop-types": "^15.6.2",
        "scheduler": "^0.19.1"
      },
      "peerDependencies": {
        "react": "^16.14.0"
      }
    },
    "node_modules/react-icon": {
      "version": "1.0.0",
      "resolved": "https://registry.npmjs.org/react-icon/-/react-icon-1.0.0.tgz",
      "integrity": "sha512-VzSlpBHnLanVw79mOxyq98hWDi6DlxK9qPiZ1bAK6bLurMBCaxO/jjyYUrRx9+JGLc/NbnwOmyE/W5Qglbb2QA==",
      "peerDependencies": {
        "babel-runtime": "^5.3.3",
        "react": ">=0.12.0"
      }
    },
    "node_modules/react-input-range": {
      "version": "1.3.0",
      "resolved": "https://registry.npmjs.org/react-input-range/-/react-input-range-1.3.0.tgz",
      "integrity": "sha512-G//kJqUHo7zQA5PuGZNKhuzhGcj83FJsv62tcP4Eo61DUC/0usHPYxFfIZ3zOfdMWuWEaduD6N4lNsZMmaOJgw==",
      "dependencies": {
        "autobind-decorator": "^1.3.4",
        "prop-types": "^15.5.8"
      },
      "peerDependencies": {
        "react": "^15.0.0 || ^16.0.0",
        "react-dom": "^15.0.0 || ^16.0.0"
      }
    },
    "node_modules/react-is": {
      "version": "17.0.2",
      "resolved": "https://registry.npmjs.org/react-is/-/react-is-17.0.2.tgz",
      "integrity": "sha512-w2GsyukL62IJnlaff/nRegPQR94C/XXamvMWmSHRJ4y7Ts/4ocGRmTHvOs8PSE6pB3dWOrD/nueuU5sduBsQ4w=="
    },
    "node_modules/react-onclickoutside": {
      "version": "6.13.1",
      "resolved": "https://registry.npmjs.org/react-onclickoutside/-/react-onclickoutside-6.13.1.tgz",
      "integrity": "sha512-LdrrxK/Yh9zbBQdFbMTXPp3dTSN9B+9YJQucdDu3JNKRrbdU+H+/TVONJoWtOwy4II8Sqf1y/DTI6w/vGPYW0w==",
      "dev": true,
      "funding": {
        "type": "individual",
        "url": "https://github.com/Pomax/react-onclickoutside/blob/master/FUNDING.md"
      },
      "peerDependencies": {
        "react": "^15.5.x || ^16.x || ^17.x || ^18.x",
        "react-dom": "^15.5.x || ^16.x || ^17.x || ^18.x"
      }
    },
    "node_modules/react-router": {
      "version": "6.24.0",
      "resolved": "https://registry.npmjs.org/react-router/-/react-router-6.24.0.tgz",
      "integrity": "sha512-sQrgJ5bXk7vbcC4BxQxeNa5UmboFm35we1AFK0VvQaz9g0LzxEIuLOhHIoZ8rnu9BO21ishGeL9no1WB76W/eg==",
      "dependencies": {
        "@remix-run/router": "1.17.0"
      },
      "engines": {
        "node": ">=14.0.0"
      },
      "peerDependencies": {
        "react": ">=16.8"
      }
    },
    "node_modules/react-router-dom": {
      "version": "6.23.1",
      "resolved": "https://registry.npmjs.org/react-router-dom/-/react-router-dom-6.23.1.tgz",
      "integrity": "sha512-utP+K+aSTtEdbWpC+4gxhdlPFwuEfDKq8ZrPFU65bbRJY+l706qjR7yaidBpo3MSeA/fzwbXWbKBI6ftOnP3OQ==",
      "dependencies": {
        "@remix-run/router": "1.16.1",
        "react-router": "6.23.1"
      },
      "engines": {
        "node": ">=14.0.0"
      },
      "peerDependencies": {
        "react": ">=16.8",
        "react-dom": ">=16.8"
      }
    },
    "node_modules/react-router-dom/node_modules/react-router": {
      "version": "6.23.1",
      "resolved": "https://registry.npmjs.org/react-router/-/react-router-6.23.1.tgz",
      "integrity": "sha512-fzcOaRF69uvqbbM7OhvQyBTFDVrrGlsFdS3AL+1KfIBtGETibHzi3FkoTRyiDJnWNc2VxrfvR+657ROHjaNjqQ==",
      "dependencies": {
        "@remix-run/router": "1.16.1"
      },
      "engines": {
        "node": ">=14.0.0"
      },
      "peerDependencies": {
        "react": ">=16.8"
      }
    },
    "node_modules/react-router/node_modules/@remix-run/router": {
      "version": "1.17.0",
      "resolved": "https://registry.npmjs.org/@remix-run/router/-/router-1.17.0.tgz",
      "integrity": "sha512-2D6XaHEVvkCn682XBnipbJjgZUU7xjLtA4dGJRBVUKpEaDYOZMENZoZjAOSb7qirxt5RupjzZxz4fK2FO+EFPw==",
      "engines": {
        "node": ">=14.0.0"
      }
    },
    "node_modules/react-transition-group": {
      "version": "4.4.5",
      "resolved": "https://registry.npmjs.org/react-transition-group/-/react-transition-group-4.4.5.tgz",
      "integrity": "sha512-pZcd1MCJoiKiBR2NRxeCRg13uCXbydPnmB4EOeRrY7480qNWO8IIgQG6zlDkm6uRMsURXPuKq0GWtiM59a5Q6g==",
      "dependencies": {
        "@babel/runtime": "^7.5.5",
        "dom-helpers": "^5.0.1",
        "loose-envify": "^1.4.0",
        "prop-types": "^15.6.2"
      },
      "peerDependencies": {
        "react": ">=16.6.0",
        "react-dom": ">=16.6.0"
      }
    },
    "node_modules/readable-stream": {
      "version": "1.1.14",
      "resolved": "https://registry.npmjs.org/readable-stream/-/readable-stream-1.1.14.tgz",
      "integrity": "sha512-+MeVjFf4L44XUkhM1eYbD8fyEsxcV81pqMSR5gblfcLCHfZvbrqy4/qYHE+/R5HoBUT11WV5O08Cr1n3YXkWVQ==",
      "dependencies": {
        "core-util-is": "~1.0.0",
        "inherits": "~2.0.1",
        "isarray": "0.0.1",
        "string_decoder": "~0.10.x"
      }
    },
    "node_modules/regenerator-runtime": {
      "version": "0.14.1",
      "resolved": "https://registry.npmjs.org/regenerator-runtime/-/regenerator-runtime-0.14.1.tgz",
      "integrity": "sha512-dYnhHh0nJoMfnkZs6GmmhFknAGRrLznOu5nc9ML+EJxGvrx6H7teuevqVqCuPcPK//3eDrrjQhehXVx9cnkGdw=="
    },
    "node_modules/request": {
      "version": "2.30.0",
      "resolved": "https://registry.npmjs.org/request/-/request-2.30.0.tgz",
      "integrity": "sha512-YjobnprRMBsJzyZOkIFf+GYKmuF+PsQWesN2s0yXedTCDBGpTKE2pm4viygPtGTRAtg9uF3+wmmb/+2a9Elc/A==",
      "deprecated": "request has been deprecated, see https://github.com/request/request/issues/3142",
      "engines": [
        "node >= 0.8.0"
      ],
      "dependencies": {
        "forever-agent": "~0.5.0",
        "json-stringify-safe": "~5.0.0",
        "mime": "~1.2.9",
        "node-uuid": "~1.4.0",
        "qs": "~0.6.0"
      },
      "optionalDependencies": {
        "aws-sign2": "~0.5.0",
        "form-data": "~0.1.0",
        "hawk": "~1.0.0",
        "http-signature": "~0.10.0",
        "oauth-sign": "~0.3.0",
        "tough-cookie": "~0.9.15",
        "tunnel-agent": "~0.3.0"
      }
    },
    "node_modules/rifm": {
      "version": "0.7.0",
      "resolved": "https://registry.npmjs.org/rifm/-/rifm-0.7.0.tgz",
      "integrity": "sha512-DSOJTWHD67860I5ojetXdEQRIBvF6YcpNe53j0vn1vp9EUb9N80EiZTxgP+FkDKorWC8PZw052kTF4C1GOivCQ==",
      "dependencies": {
        "@babel/runtime": "^7.3.1"
      },
      "peerDependencies": {
        "react": ">=16.8"
      }
    },
    "node_modules/ru-declensions-geo": {
      "version": "1.0.13",
      "resolved": "https://registry.npmjs.org/ru-declensions-geo/-/ru-declensions-geo-1.0.13.tgz",
      "integrity": "sha512-L8XXALQG9L0agKWVLeH2YoLU3X5ofCxT6Pivtz2VX0/g5WCm24J+el+ySnhul6lCX93sfEUpvzBr8r54MrErVw=="
    },
    "node_modules/scheduler": {
      "version": "0.19.1",
      "resolved": "https://registry.npmjs.org/scheduler/-/scheduler-0.19.1.tgz",
      "integrity": "sha512-n/zwRWRYSUj0/3g/otKDRPMh6qv2SYMWNq85IEa8iZyAv8od9zDYpGSnpBEjNgcMNq6Scbu5KfIPxNF72R/2EA==",
      "peer": true,
      "dependencies": {
        "loose-envify": "^1.1.0",
        "object-assign": "^4.1.1"
      }
    },
    "node_modules/sntp": {
      "version": "0.2.4",
      "resolved": "https://registry.npmjs.org/sntp/-/sntp-0.2.4.tgz",
      "integrity": "sha512-bDLrKa/ywz65gCl+LmOiIhteP1bhEsAAzhfMedPoiHP3dyYnAevlaJshdqb9Yu0sRifyP/fRqSt8t+5qGIWlGQ==",
      "deprecated": "This module moved to @hapi/sntp. Please make sure to switch over as this distribution is no longer supported and may contain bugs and critical security issues.",
      "optional": true,
      "dependencies": {
        "hoek": "0.9.x"
      },
      "engines": {
        "node": ">=0.8.0"
      }
    },
    "node_modules/string_decoder": {
      "version": "0.10.31",
      "resolved": "https://registry.npmjs.org/string_decoder/-/string_decoder-0.10.31.tgz",
      "integrity": "sha512-ev2QzSzWPYmy9GuqfIVildA4OdcGLeFZQrq5ys6RtiuF+RQQiZWr8TZNyAcuVXyQRYfEO+MsoB/1BuQVhOJuoQ=="
    },
    "node_modules/tabbable": {
      "version": "6.2.0",
      "resolved": "https://registry.npmjs.org/tabbable/-/tabbable-6.2.0.tgz",
      "integrity": "sha512-Cat63mxsVJlzYvN51JmVXIgNoUokrIaT2zLclCXjRd8boZ0004U4KCs/sToJ75C6sdlByWxpYnb5Boif1VSFew==",
      "dev": true
    },
    "node_modules/tiny-warning": {
      "version": "1.0.3",
      "resolved": "https://registry.npmjs.org/tiny-warning/-/tiny-warning-1.0.3.tgz",
      "integrity": "sha512-lBN9zLN/oAf68o3zNXYrdCt1kP8WsiGW8Oo2ka41b2IM5JL/S1CTyX1rW0mb/zSuJun0ZUrDxx4sqvYS2FWzPA=="
    },
    "node_modules/tough-cookie": {
      "version": "0.9.15",
      "resolved": "https://registry.npmjs.org/tough-cookie/-/tough-cookie-0.9.15.tgz",
      "integrity": "sha512-j4C2GYjRuBjEGRgF5eIvxSvUkTXk7KJDAX6SZtlDWNioUlCcW4lLSlETSWWSiVbXS6SOB+LUK7PYn0RDxgJ3pQ==",
      "deprecated": "ReDoS vulnerability parsing Set-Cookie https://nodesecurity.io/advisories/130",
      "optional": true,
      "dependencies": {
        "punycode": ">=0.2.0"
      },
      "engines": {
        "node": ">=0.4.12"
      }
    },
    "node_modules/tunnel-agent": {
      "version": "0.3.0",
      "resolved": "https://registry.npmjs.org/tunnel-agent/-/tunnel-agent-0.3.0.tgz",
      "integrity": "sha512-jlGqHGoKzyyjhwv/c9omAgohntThMcGtw8RV/RDLlkbbc08kni/akVxO62N8HaXMVbVsK1NCnpSK3N2xCt22ww==",
      "optional": true,
      "engines": {
        "node": "*"
      }
    },
    "node_modules/underscore": {
      "version": "1.6.0",
      "resolved": "https://registry.npmjs.org/underscore/-/underscore-1.6.0.tgz",
      "integrity": "sha512-z4o1fvKUojIWh9XuaVLUDdf86RQiq13AC1dmHbTpoyuu+bquHms76v16CjycCbec87J7z0k//SiQVk0sMdFmpQ=="
    }
  }
}
